// !$*UTF8*$!
{
	archiveVersion = 1;
	classes = {
	};
	objectVersion = 56;
	objects = {

/* Begin PBXBuildFile section */
		258F918B2BC743D900EC0E78 /* InstagramApp.swift in Sources */ = {isa = PBXBuildFile; fileRef = 258F918A2BC743D900EC0E78 /* InstagramApp.swift */; };
		258F918D2BC743D900EC0E78 /* ContentView.swift in Sources */ = {isa = PBXBuildFile; fileRef = 258F918C2BC743D900EC0E78 /* ContentView.swift */; };
		258F918F2BC743DB00EC0E78 /* Assets.xcassets in Resources */ = {isa = PBXBuildFile; fileRef = 258F918E2BC743DB00EC0E78 /* Assets.xcassets */; };
		258F91922BC743DB00EC0E78 /* Preview Assets.xcassets in Resources */ = {isa = PBXBuildFile; fileRef = 258F91912BC743DB00EC0E78 /* Preview Assets.xcassets */; };
		258F91A72BC7449C00EC0E78 /* MainTabView.swift in Sources */ = {isa = PBXBuildFile; fileRef = 258F91A62BC7449C00EC0E78 /* MainTabView.swift */; };
		258F91A92BC7457500EC0E78 /* ProfileView.swift in Sources */ = {isa = PBXBuildFile; fileRef = 258F91A82BC7457500EC0E78 /* ProfileView.swift */; };
		258F91AB2BC745AD00EC0E78 /* ProfileHeaderView.swift in Sources */ = {isa = PBXBuildFile; fileRef = 258F91AA2BC745AD00EC0E78 /* ProfileHeaderView.swift */; };
		258F91AD2BC745BE00EC0E78 /* ProfileGridView.swift in Sources */ = {isa = PBXBuildFile; fileRef = 258F91AC2BC745BE00EC0E78 /* ProfileGridView.swift */; };
		258F91B02BC7463500EC0E78 /* UserStatView.swift in Sources */ = {isa = PBXBuildFile; fileRef = 258F91AF2BC7463500EC0E78 /* UserStatView.swift */; };
		258F91B22BC7481900EC0E78 /* FeedView.swift in Sources */ = {isa = PBXBuildFile; fileRef = 258F91B12BC7481800EC0E78 /* FeedView.swift */; };
		258F91B42BC7483900EC0E78 /* FeedCellView.swift in Sources */ = {isa = PBXBuildFile; fileRef = 258F91B32BC7483900EC0E78 /* FeedCellView.swift */; };
		258F91B62BC749CB00EC0E78 /* SearchView.swift in Sources */ = {isa = PBXBuildFile; fileRef = 258F91B52BC749CB00EC0E78 /* SearchView.swift */; };
		258F91B82BC74BCA00EC0E78 /* LoginView.swift in Sources */ = {isa = PBXBuildFile; fileRef = 258F91B72BC74BCA00EC0E78 /* LoginView.swift */; };
		258F91BC2BC74C9A00EC0E78 /* IGTextfieldModifier.swift in Sources */ = {isa = PBXBuildFile; fileRef = 258F91BB2BC74C9A00EC0E78 /* IGTextfieldModifier.swift */; };
		258F91BE2BC74DFB00EC0E78 /* AddEmailView.swift in Sources */ = {isa = PBXBuildFile; fileRef = 258F91BD2BC74DFB00EC0E78 /* AddEmailView.swift */; };
		258F91C02BC74E4F00EC0E78 /* CreateUserNameView.swift in Sources */ = {isa = PBXBuildFile; fileRef = 258F91BF2BC74E4F00EC0E78 /* CreateUserNameView.swift */; };
		258F91C22BC74EBA00EC0E78 /* CreatePasswordView.swift in Sources */ = {isa = PBXBuildFile; fileRef = 258F91C12BC74EBA00EC0E78 /* CreatePasswordView.swift */; };
		258F91C42BC74F0B00EC0E78 /* CompleteSignUpView.swift in Sources */ = {isa = PBXBuildFile; fileRef = 258F91C32BC74F0B00EC0E78 /* CompleteSignUpView.swift */; };
		258F91C62BC74FCE00EC0E78 /* User.swift in Sources */ = {isa = PBXBuildFile; fileRef = 258F91C52BC74FCE00EC0E78 /* User.swift */; };
		258F91C82BC7518A00EC0E78 /* CurrentUserProfileView.swift in Sources */ = {isa = PBXBuildFile; fileRef = 258F91C72BC7518A00EC0E78 /* CurrentUserProfileView.swift */; };
		258F91CA2BC7554C00EC0E78 /* Post.swift in Sources */ = {isa = PBXBuildFile; fileRef = 258F91C92BC7554C00EC0E78 /* Post.swift */; };
		258F91CC2BC75A6A00EC0E78 /* UploadPostsView.swift in Sources */ = {isa = PBXBuildFile; fileRef = 258F91CB2BC75A6A00EC0E78 /* UploadPostsView.swift */; };
		258F91CE2BC75AA300EC0E78 /* UploadPostsViewModel.swift in Sources */ = {isa = PBXBuildFile; fileRef = 258F91CD2BC75AA300EC0E78 /* UploadPostsViewModel.swift */; };
		258F91D02BC7601200EC0E78 /* GoogleService-Info.plist in Resources */ = {isa = PBXBuildFile; fileRef = 258F91CF2BC7601200EC0E78 /* GoogleService-Info.plist */; };
		258F91D32BC7606E00EC0E78 /* FirebaseAuth in Frameworks */ = {isa = PBXBuildFile; productRef = 258F91D22BC7606E00EC0E78 /* FirebaseAuth */; };
		258F91D52BC7606E00EC0E78 /* FirebaseDatabase in Frameworks */ = {isa = PBXBuildFile; productRef = 258F91D42BC7606E00EC0E78 /* FirebaseDatabase */; };
		258F91D72BC7606E00EC0E78 /* FirebaseFirestore in Frameworks */ = {isa = PBXBuildFile; productRef = 258F91D62BC7606E00EC0E78 /* FirebaseFirestore */; };
		258F91D92BC7606E00EC0E78 /* FirebaseFirestoreSwift in Frameworks */ = {isa = PBXBuildFile; productRef = 258F91D82BC7606E00EC0E78 /* FirebaseFirestoreSwift */; };
		258F91DB2BC7606E00EC0E78 /* FirebaseStorage in Frameworks */ = {isa = PBXBuildFile; productRef = 258F91DA2BC7606E00EC0E78 /* FirebaseStorage */; };
		258F91DD2BC7616D00EC0E78 /* AuthService.swift in Sources */ = {isa = PBXBuildFile; fileRef = 258F91DC2BC7616D00EC0E78 /* AuthService.swift */; };
		258F91E12BC7635000EC0E78 /* ContentViewModel.swift in Sources */ = {isa = PBXBuildFile; fileRef = 258F91E02BC7634F00EC0E78 /* ContentViewModel.swift */; };
		258F91E42BC766C500EC0E78 /* RegistrationViewModel.swift in Sources */ = {isa = PBXBuildFile; fileRef = 258F91E32BC766C500EC0E78 /* RegistrationViewModel.swift */; };
		258F91E62BC782F000EC0E78 /* LoginViewModel.swift in Sources */ = {isa = PBXBuildFile; fileRef = 258F91E52BC782F000EC0E78 /* LoginViewModel.swift */; };
		258F91E82BC7915E00EC0E78 /* UserService.swift in Sources */ = {isa = PBXBuildFile; fileRef = 258F91E72BC7915E00EC0E78 /* UserService.swift */; };
		258F91EC2BC792D200EC0E78 /* SearchViewModel.swift in Sources */ = {isa = PBXBuildFile; fileRef = 258F91EB2BC792D200EC0E78 /* SearchViewModel.swift */; };
		258F91EE2BC79D0A00EC0E78 /* EditProfileView.swift in Sources */ = {isa = PBXBuildFile; fileRef = 258F91ED2BC79D0A00EC0E78 /* EditProfileView.swift */; };
		258F91F22BC7A25E00EC0E78 /* EditProfileViewModel.swift in Sources */ = {isa = PBXBuildFile; fileRef = 258F91F12BC7A25E00EC0E78 /* EditProfileViewModel.swift */; };
/* End PBXBuildFile section */

/* Begin PBXFileReference section */
		258F91872BC743D900EC0E78 /* Instagram.app */ = {isa = PBXFileReference; explicitFileType = wrapper.application; includeInIndex = 0; path = Instagram.app; sourceTree = BUILT_PRODUCTS_DIR; };
		258F918A2BC743D900EC0E78 /* InstagramApp.swift */ = {isa = PBXFileReference; lastKnownFileType = sourcecode.swift; path = InstagramApp.swift; sourceTree = "<group>"; };
		258F918C2BC743D900EC0E78 /* ContentView.swift */ = {isa = PBXFileReference; lastKnownFileType = sourcecode.swift; path = ContentView.swift; sourceTree = "<group>"; };
		258F918E2BC743DB00EC0E78 /* Assets.xcassets */ = {isa = PBXFileReference; lastKnownFileType = folder.assetcatalog; path = Assets.xcassets; sourceTree = "<group>"; };
		258F91912BC743DB00EC0E78 /* Preview Assets.xcassets */ = {isa = PBXFileReference; lastKnownFileType = folder.assetcatalog; path = "Preview Assets.xcassets"; sourceTree = "<group>"; };
		258F91A62BC7449C00EC0E78 /* MainTabView.swift */ = {isa = PBXFileReference; lastKnownFileType = sourcecode.swift; path = MainTabView.swift; sourceTree = "<group>"; };
		258F91A82BC7457500EC0E78 /* ProfileView.swift */ = {isa = PBXFileReference; lastKnownFileType = sourcecode.swift; path = ProfileView.swift; sourceTree = "<group>"; };
		258F91AA2BC745AD00EC0E78 /* ProfileHeaderView.swift */ = {isa = PBXFileReference; lastKnownFileType = sourcecode.swift; path = ProfileHeaderView.swift; sourceTree = "<group>"; };
		258F91AC2BC745BE00EC0E78 /* ProfileGridView.swift */ = {isa = PBXFileReference; lastKnownFileType = sourcecode.swift; path = ProfileGridView.swift; sourceTree = "<group>"; };
		258F91AF2BC7463500EC0E78 /* UserStatView.swift */ = {isa = PBXFileReference; lastKnownFileType = sourcecode.swift; path = UserStatView.swift; sourceTree = "<group>"; };
		258F91B12BC7481800EC0E78 /* FeedView.swift */ = {isa = PBXFileReference; lastKnownFileType = sourcecode.swift; path = FeedView.swift; sourceTree = "<group>"; };
		258F91B32BC7483900EC0E78 /* FeedCellView.swift */ = {isa = PBXFileReference; lastKnownFileType = sourcecode.swift; path = FeedCellView.swift; sourceTree = "<group>"; };
		258F91B52BC749CB00EC0E78 /* SearchView.swift */ = {isa = PBXFileReference; lastKnownFileType = sourcecode.swift; path = SearchView.swift; sourceTree = "<group>"; };
		258F91B72BC74BCA00EC0E78 /* LoginView.swift */ = {isa = PBXFileReference; lastKnownFileType = sourcecode.swift; path = LoginView.swift; sourceTree = "<group>"; };
		258F91BB2BC74C9A00EC0E78 /* IGTextfieldModifier.swift */ = {isa = PBXFileReference; lastKnownFileType = sourcecode.swift; path = IGTextfieldModifier.swift; sourceTree = "<group>"; };
		258F91BD2BC74DFB00EC0E78 /* AddEmailView.swift */ = {isa = PBXFileReference; lastKnownFileType = sourcecode.swift; path = AddEmailView.swift; sourceTree = "<group>"; };
		258F91BF2BC74E4F00EC0E78 /* CreateUserNameView.swift */ = {isa = PBXFileReference; lastKnownFileType = sourcecode.swift; path = CreateUserNameView.swift; sourceTree = "<group>"; };
		258F91C12BC74EBA00EC0E78 /* CreatePasswordView.swift */ = {isa = PBXFileReference; lastKnownFileType = sourcecode.swift; path = CreatePasswordView.swift; sourceTree = "<group>"; };
		258F91C32BC74F0B00EC0E78 /* CompleteSignUpView.swift */ = {isa = PBXFileReference; lastKnownFileType = sourcecode.swift; path = CompleteSignUpView.swift; sourceTree = "<group>"; };
		258F91C52BC74FCE00EC0E78 /* User.swift */ = {isa = PBXFileReference; lastKnownFileType = sourcecode.swift; path = User.swift; sourceTree = "<group>"; };
		258F91C72BC7518A00EC0E78 /* CurrentUserProfileView.swift */ = {isa = PBXFileReference; lastKnownFileType = sourcecode.swift; path = CurrentUserProfileView.swift; sourceTree = "<group>"; };
		258F91C92BC7554C00EC0E78 /* Post.swift */ = {isa = PBXFileReference; lastKnownFileType = sourcecode.swift; path = Post.swift; sourceTree = "<group>"; };
		258F91CB2BC75A6A00EC0E78 /* UploadPostsView.swift */ = {isa = PBXFileReference; lastKnownFileType = sourcecode.swift; path = UploadPostsView.swift; sourceTree = "<group>"; };
		258F91CD2BC75AA300EC0E78 /* UploadPostsViewModel.swift */ = {isa = PBXFileReference; lastKnownFileType = sourcecode.swift; path = UploadPostsViewModel.swift; sourceTree = "<group>"; };
		258F91CF2BC7601200EC0E78 /* GoogleService-Info.plist */ = {isa = PBXFileReference; fileEncoding = 4; lastKnownFileType = text.plist.xml; path = "GoogleService-Info.plist"; sourceTree = "<group>"; };
		258F91DC2BC7616D00EC0E78 /* AuthService.swift */ = {isa = PBXFileReference; lastKnownFileType = sourcecode.swift; path = AuthService.swift; sourceTree = "<group>"; };
		258F91E02BC7634F00EC0E78 /* ContentViewModel.swift */ = {isa = PBXFileReference; lastKnownFileType = sourcecode.swift; path = ContentViewModel.swift; sourceTree = "<group>"; };
		258F91E32BC766C500EC0E78 /* RegistrationViewModel.swift */ = {isa = PBXFileReference; lastKnownFileType = sourcecode.swift; path = RegistrationViewModel.swift; sourceTree = "<group>"; };
		258F91E52BC782F000EC0E78 /* LoginViewModel.swift */ = {isa = PBXFileReference; lastKnownFileType = sourcecode.swift; path = LoginViewModel.swift; sourceTree = "<group>"; };
		258F91E72BC7915E00EC0E78 /* UserService.swift */ = {isa = PBXFileReference; lastKnownFileType = sourcecode.swift; path = UserService.swift; sourceTree = "<group>"; };
		258F91EB2BC792D200EC0E78 /* SearchViewModel.swift */ = {isa = PBXFileReference; lastKnownFileType = sourcecode.swift; path = SearchViewModel.swift; sourceTree = "<group>"; };
		258F91ED2BC79D0A00EC0E78 /* EditProfileView.swift */ = {isa = PBXFileReference; lastKnownFileType = sourcecode.swift; path = EditProfileView.swift; sourceTree = "<group>"; };
		258F91F12BC7A25E00EC0E78 /* EditProfileViewModel.swift */ = {isa = PBXFileReference; lastKnownFileType = sourcecode.swift; path = EditProfileViewModel.swift; sourceTree = "<group>"; };
/* End PBXFileReference section */

/* Begin PBXFrameworksBuildPhase section */
		258F91842BC743D900EC0E78 /* Frameworks */ = {
			isa = PBXFrameworksBuildPhase;
			buildActionMask = 2147483647;
			files = (
				258F91D52BC7606E00EC0E78 /* FirebaseDatabase in Frameworks */,
				258F91D32BC7606E00EC0E78 /* FirebaseAuth in Frameworks */,
				258F91D72BC7606E00EC0E78 /* FirebaseFirestore in Frameworks */,
				258F91DB2BC7606E00EC0E78 /* FirebaseStorage in Frameworks */,
				258F91D92BC7606E00EC0E78 /* FirebaseFirestoreSwift in Frameworks */,
			);
			runOnlyForDeploymentPostprocessing = 0;
		};
/* End PBXFrameworksBuildPhase section */

/* Begin PBXGroup section */
		258F917E2BC743D900EC0E78 = {
			isa = PBXGroup;
			children = (
				258F91892BC743D900EC0E78 /* Instagram */,
				258F91882BC743D900EC0E78 /* Products */,
			);
			sourceTree = "<group>";
		};
		258F91882BC743D900EC0E78 /* Products */ = {
			isa = PBXGroup;
			children = (
				258F91872BC743D900EC0E78 /* Instagram.app */,
			);
			name = Products;
			sourceTree = "<group>";
		};
		258F91892BC743D900EC0E78 /* Instagram */ = {
			isa = PBXGroup;
			children = (
				258F91CF2BC7601200EC0E78 /* GoogleService-Info.plist */,
				258F91982BC743E400EC0E78 /* App */,
				258F919B2BC743FB00EC0E78 /* Core */,
				258F919E2BC7440F00EC0E78 /* Services */,
				258F919D2BC7440A00EC0E78 /* Model */,
				258F919C2BC7440000EC0E78 /* Extensions */,
				258F918A2BC743D900EC0E78 /* InstagramApp.swift */,
				258F918E2BC743DB00EC0E78 /* Assets.xcassets */,
				258F91902BC743DB00EC0E78 /* Preview Content */,
			);
			path = Instagram;
			sourceTree = "<group>";
		};
		258F91902BC743DB00EC0E78 /* Preview Content */ = {
			isa = PBXGroup;
			children = (
				258F91912BC743DB00EC0E78 /* Preview Assets.xcassets */,
			);
			path = "Preview Content";
			sourceTree = "<group>";
		};
		258F91982BC743E400EC0E78 /* App */ = {
			isa = PBXGroup;
			children = (
			);
			path = App;
			sourceTree = "<group>";
		};
		258F919B2BC743FB00EC0E78 /* Core */ = {
			isa = PBXGroup;
			children = (
				258F91AE2BC7462000EC0E78 /* Components */,
				258F919F2BC7442900EC0E78 /* Authentication */,
				258F91A02BC7443100EC0E78 /* Feed */,
				258F91A12BC7443600EC0E78 /* Profile */,
				258F91A22BC7443B00EC0E78 /* Root */,
				258F91A32BC7444000EC0E78 /* Search */,
				258F91A42BC7445100EC0E78 /* TabBar */,
				258F91A52BC7445800EC0E78 /* UploadingPosts */,
			);
			path = Core;
			sourceTree = "<group>";
		};
		258F919C2BC7440000EC0E78 /* Extensions */ = {
			isa = PBXGroup;
			children = (
			);
			path = Extensions;
			sourceTree = "<group>";
		};
		258F919D2BC7440A00EC0E78 /* Model */ = {
			isa = PBXGroup;
			children = (
				258F91C52BC74FCE00EC0E78 /* User.swift */,
				258F91C92BC7554C00EC0E78 /* Post.swift */,
			);
			path = Model;
			sourceTree = "<group>";
		};
		258F919E2BC7440F00EC0E78 /* Services */ = {
			isa = PBXGroup;
			children = (
				258F91E72BC7915E00EC0E78 /* UserService.swift */,
			);
			path = Services;
			sourceTree = "<group>";
		};
		258F919F2BC7442900EC0E78 /* Authentication */ = {
			isa = PBXGroup;
			children = (
				258F91E22BC766B000EC0E78 /* ViewModel */,
				258F91BA2BC74C0300EC0E78 /* Service */,
				258F91B92BC74BDC00EC0E78 /* Views */,
			);
			path = Authentication;
			sourceTree = "<group>";
		};
		258F91A02BC7443100EC0E78 /* Feed */ = {
			isa = PBXGroup;
			children = (
				258F91B12BC7481800EC0E78 /* FeedView.swift */,
				258F91B32BC7483900EC0E78 /* FeedCellView.swift */,
			);
			path = Feed;
			sourceTree = "<group>";
		};
		258F91A12BC7443600EC0E78 /* Profile */ = {
			isa = PBXGroup;
			children = (
				258F91F02BC7A22F00EC0E78 /* ViewModel */,
				258F91EF2BC7A22700EC0E78 /* View */,
			);
			path = Profile;
			sourceTree = "<group>";
		};
		258F91A22BC7443B00EC0E78 /* Root */ = {
			isa = PBXGroup;
			children = (
				258F91DF2BC7633200EC0E78 /* ViewModel */,
				258F91DE2BC762DB00EC0E78 /* View */,
			);
			path = Root;
			sourceTree = "<group>";
		};
		258F91A32BC7444000EC0E78 /* Search */ = {
			isa = PBXGroup;
			children = (
				258F91EA2BC792B700EC0E78 /* ViewModel */,
				258F91E92BC7928B00EC0E78 /* View */,
			);
			path = Search;
			sourceTree = "<group>";
		};
		258F91A42BC7445100EC0E78 /* TabBar */ = {
			isa = PBXGroup;
			children = (
				258F91A62BC7449C00EC0E78 /* MainTabView.swift */,
			);
			path = TabBar;
			sourceTree = "<group>";
		};
		258F91A52BC7445800EC0E78 /* UploadingPosts */ = {
			isa = PBXGroup;
			children = (
				258F91CB2BC75A6A00EC0E78 /* UploadPostsView.swift */,
				258F91CD2BC75AA300EC0E78 /* UploadPostsViewModel.swift */,
			);
			path = UploadingPosts;
			sourceTree = "<group>";
		};
		258F91AE2BC7462000EC0E78 /* Components */ = {
			isa = PBXGroup;
			children = (
				258F91AF2BC7463500EC0E78 /* UserStatView.swift */,
				258F91BB2BC74C9A00EC0E78 /* IGTextfieldModifier.swift */,
			);
			path = Components;
			sourceTree = "<group>";
		};
		258F91B92BC74BDC00EC0E78 /* Views */ = {
			isa = PBXGroup;
			children = (
				258F91B72BC74BCA00EC0E78 /* LoginView.swift */,
				258F91BD2BC74DFB00EC0E78 /* AddEmailView.swift */,
				258F91BF2BC74E4F00EC0E78 /* CreateUserNameView.swift */,
				258F91C12BC74EBA00EC0E78 /* CreatePasswordView.swift */,
				258F91C32BC74F0B00EC0E78 /* CompleteSignUpView.swift */,
			);
			path = Views;
			sourceTree = "<group>";
		};
		258F91BA2BC74C0300EC0E78 /* Service */ = {
			isa = PBXGroup;
			children = (
				258F91DC2BC7616D00EC0E78 /* AuthService.swift */,
			);
			path = Service;
			sourceTree = "<group>";
		};
		258F91DE2BC762DB00EC0E78 /* View */ = {
			isa = PBXGroup;
			children = (
				258F918C2BC743D900EC0E78 /* ContentView.swift */,
			);
			path = View;
			sourceTree = "<group>";
		};
		258F91DF2BC7633200EC0E78 /* ViewModel */ = {
			isa = PBXGroup;
			children = (
				258F91E02BC7634F00EC0E78 /* ContentViewModel.swift */,
			);
			path = ViewModel;
			sourceTree = "<group>";
		};
		258F91E22BC766B000EC0E78 /* ViewModel */ = {
			isa = PBXGroup;
			children = (
				258F91E32BC766C500EC0E78 /* RegistrationViewModel.swift */,
				258F91E52BC782F000EC0E78 /* LoginViewModel.swift */,
			);
			path = ViewModel;
			sourceTree = "<group>";
		};
		258F91E92BC7928B00EC0E78 /* View */ = {
			isa = PBXGroup;
			children = (
				258F91B52BC749CB00EC0E78 /* SearchView.swift */,
			);
			path = View;
			sourceTree = "<group>";
		};
		258F91EA2BC792B700EC0E78 /* ViewModel */ = {
			isa = PBXGroup;
			children = (
				258F91EB2BC792D200EC0E78 /* SearchViewModel.swift */,
			);
			path = ViewModel;
			sourceTree = "<group>";
		};
		258F91EF2BC7A22700EC0E78 /* View */ = {
			isa = PBXGroup;
			children = (
				258F91C72BC7518A00EC0E78 /* CurrentUserProfileView.swift */,
				258F91ED2BC79D0A00EC0E78 /* EditProfileView.swift */,
				258F91A82BC7457500EC0E78 /* ProfileView.swift */,
				258F91AA2BC745AD00EC0E78 /* ProfileHeaderView.swift */,
				258F91AC2BC745BE00EC0E78 /* ProfileGridView.swift */,
			);
			path = View;
			sourceTree = "<group>";
		};
		258F91F02BC7A22F00EC0E78 /* ViewModel */ = {
			isa = PBXGroup;
			children = (
				258F91F12BC7A25E00EC0E78 /* EditProfileViewModel.swift */,
			);
			path = ViewModel;
			sourceTree = "<group>";
		};
/* End PBXGroup section */

/* Begin PBXNativeTarget section */
		258F91862BC743D900EC0E78 /* Instagram */ = {
			isa = PBXNativeTarget;
			buildConfigurationList = 258F91952BC743DB00EC0E78 /* Build configuration list for PBXNativeTarget "Instagram" */;
			buildPhases = (
				258F91832BC743D900EC0E78 /* Sources */,
				258F91842BC743D900EC0E78 /* Frameworks */,
				258F91852BC743D900EC0E78 /* Resources */,
			);
			buildRules = (
			);
			dependencies = (
			);
			name = Instagram;
			packageProductDependencies = (
				258F91D22BC7606E00EC0E78 /* FirebaseAuth */,
				258F91D42BC7606E00EC0E78 /* FirebaseDatabase */,
				258F91D62BC7606E00EC0E78 /* FirebaseFirestore */,
				258F91D82BC7606E00EC0E78 /* FirebaseFirestoreSwift */,
				258F91DA2BC7606E00EC0E78 /* FirebaseStorage */,
			);
			productName = Instagram;
			productReference = 258F91872BC743D900EC0E78 /* Instagram.app */;
			productType = "com.apple.product-type.application";
		};
/* End PBXNativeTarget section */

/* Begin PBXProject section */
		258F917F2BC743D900EC0E78 /* Project object */ = {
			isa = PBXProject;
			attributes = {
				BuildIndependentTargetsInParallel = 1;
				LastSwiftUpdateCheck = 1530;
				LastUpgradeCheck = 1530;
				TargetAttributes = {
					258F91862BC743D900EC0E78 = {
						CreatedOnToolsVersion = 15.3;
					};
				};
			};
			buildConfigurationList = 258F91822BC743D900EC0E78 /* Build configuration list for PBXProject "Instagram" */;
			compatibilityVersion = "Xcode 14.0";
			developmentRegion = en;
			hasScannedForEncodings = 0;
			knownRegions = (
				en,
				Base,
			);
			mainGroup = 258F917E2BC743D900EC0E78;
			packageReferences = (
				258F91D12BC7606D00EC0E78 /* XCRemoteSwiftPackageReference "firebase-ios-sdk" */,
			);
			productRefGroup = 258F91882BC743D900EC0E78 /* Products */;
			projectDirPath = "";
			projectRoot = "";
			targets = (
				258F91862BC743D900EC0E78 /* Instagram */,
			);
		};
/* End PBXProject section */

/* Begin PBXResourcesBuildPhase section */
		258F91852BC743D900EC0E78 /* Resources */ = {
			isa = PBXResourcesBuildPhase;
			buildActionMask = 2147483647;
			files = (
				258F91922BC743DB00EC0E78 /* Preview Assets.xcassets in Resources */,
				258F918F2BC743DB00EC0E78 /* Assets.xcassets in Resources */,
				258F91D02BC7601200EC0E78 /* GoogleService-Info.plist in Resources */,
			);
			runOnlyForDeploymentPostprocessing = 0;
		};
/* End PBXResourcesBuildPhase section */

/* Begin PBXSourcesBuildPhase section */
		258F91832BC743D900EC0E78 /* Sources */ = {
			isa = PBXSourcesBuildPhase;
			buildActionMask = 2147483647;
			files = (
				258F91CE2BC75AA300EC0E78 /* UploadPostsViewModel.swift in Sources */,
				258F91C02BC74E4F00EC0E78 /* CreateUserNameView.swift in Sources */,
				258F91B62BC749CB00EC0E78 /* SearchView.swift in Sources */,
				258F91B22BC7481900EC0E78 /* FeedView.swift in Sources */,
				258F91A92BC7457500EC0E78 /* ProfileView.swift in Sources */,
				258F91F22BC7A25E00EC0E78 /* EditProfileViewModel.swift in Sources */,
				258F91DD2BC7616D00EC0E78 /* AuthService.swift in Sources */,
				258F91E82BC7915E00EC0E78 /* UserService.swift in Sources */,
				258F918D2BC743D900EC0E78 /* ContentView.swift in Sources */,
				258F91AD2BC745BE00EC0E78 /* ProfileGridView.swift in Sources */,
				258F91B02BC7463500EC0E78 /* UserStatView.swift in Sources */,
				258F91C62BC74FCE00EC0E78 /* User.swift in Sources */,
				258F91AB2BC745AD00EC0E78 /* ProfileHeaderView.swift in Sources */,
				258F91CC2BC75A6A00EC0E78 /* UploadPostsView.swift in Sources */,
				258F91E12BC7635000EC0E78 /* ContentViewModel.swift in Sources */,
				258F91EE2BC79D0A00EC0E78 /* EditProfileView.swift in Sources */,
				258F91E62BC782F000EC0E78 /* LoginViewModel.swift in Sources */,
				258F91E42BC766C500EC0E78 /* RegistrationViewModel.swift in Sources */,
				258F91B42BC7483900EC0E78 /* FeedCellView.swift in Sources */,
				258F91BC2BC74C9A00EC0E78 /* IGTextfieldModifier.swift in Sources */,
				258F91BE2BC74DFB00EC0E78 /* AddEmailView.swift in Sources */,
				258F91B82BC74BCA00EC0E78 /* LoginView.swift in Sources */,
				258F91CA2BC7554C00EC0E78 /* Post.swift in Sources */,
				258F91C22BC74EBA00EC0E78 /* CreatePasswordView.swift in Sources */,
				258F91C42BC74F0B00EC0E78 /* CompleteSignUpView.swift in Sources */,
				258F918B2BC743D900EC0E78 /* InstagramApp.swift in Sources */,
				258F91EC2BC792D200EC0E78 /* SearchViewModel.swift in Sources */,
				258F91A72BC7449C00EC0E78 /* MainTabView.swift in Sources */,
				258F91C82BC7518A00EC0E78 /* CurrentUserProfileView.swift in Sources */,
			);
			runOnlyForDeploymentPostprocessing = 0;
		};
/* End PBXSourcesBuildPhase section */

/* Begin XCBuildConfiguration section */
		258F91932BC743DB00EC0E78 /* Debug */ = {
			isa = XCBuildConfiguration;
			buildSettings = {
				ALWAYS_SEARCH_USER_PATHS = NO;
				ASSETCATALOG_COMPILER_GENERATE_SWIFT_ASSET_SYMBOL_EXTENSIONS = YES;
				CLANG_ANALYZER_NONNULL = YES;
				CLANG_ANALYZER_NUMBER_OBJECT_CONVERSION = YES_AGGRESSIVE;
				CLANG_CXX_LANGUAGE_STANDARD = "gnu++20";
				CLANG_ENABLE_MODULES = YES;
				CLANG_ENABLE_OBJC_ARC = YES;
				CLANG_ENABLE_OBJC_WEAK = YES;
				CLANG_WARN_BLOCK_CAPTURE_AUTORELEASING = YES;
				CLANG_WARN_BOOL_CONVERSION = YES;
				CLANG_WARN_COMMA = YES;
				CLANG_WARN_CONSTANT_CONVERSION = YES;
				CLANG_WARN_DEPRECATED_OBJC_IMPLEMENTATIONS = YES;
				CLANG_WARN_DIRECT_OBJC_ISA_USAGE = YES_ERROR;
				CLANG_WARN_DOCUMENTATION_COMMENTS = YES;
				CLANG_WARN_EMPTY_BODY = YES;
				CLANG_WARN_ENUM_CONVERSION = YES;
				CLANG_WARN_INFINITE_RECURSION = YES;
				CLANG_WARN_INT_CONVERSION = YES;
				CLANG_WARN_NON_LITERAL_NULL_CONVERSION = YES;
				CLANG_WARN_OBJC_IMPLICIT_RETAIN_SELF = YES;
				CLANG_WARN_OBJC_LITERAL_CONVERSION = YES;
				CLANG_WARN_OBJC_ROOT_CLASS = YES_ERROR;
				CLANG_WARN_QUOTED_INCLUDE_IN_FRAMEWORK_HEADER = YES;
				CLANG_WARN_RANGE_LOOP_ANALYSIS = YES;
				CLANG_WARN_STRICT_PROTOTYPES = YES;
				CLANG_WARN_SUSPICIOUS_MOVE = YES;
				CLANG_WARN_UNGUARDED_AVAILABILITY = YES_AGGRESSIVE;
				CLANG_WARN_UNREACHABLE_CODE = YES;
				CLANG_WARN__DUPLICATE_METHOD_MATCH = YES;
				COPY_PHASE_STRIP = NO;
				DEBUG_INFORMATION_FORMAT = dwarf;
				ENABLE_STRICT_OBJC_MSGSEND = YES;
				ENABLE_TESTABILITY = YES;
				ENABLE_USER_SCRIPT_SANDBOXING = YES;
				GCC_C_LANGUAGE_STANDARD = gnu17;
				GCC_DYNAMIC_NO_PIC = NO;
				GCC_NO_COMMON_BLOCKS = YES;
				GCC_OPTIMIZATION_LEVEL = 0;
				GCC_PREPROCESSOR_DEFINITIONS = (
					"DEBUG=1",
					"$(inherited)",
				);
				GCC_WARN_64_TO_32_BIT_CONVERSION = YES;
				GCC_WARN_ABOUT_RETURN_TYPE = YES_ERROR;
				GCC_WARN_UNDECLARED_SELECTOR = YES;
				GCC_WARN_UNINITIALIZED_AUTOS = YES_AGGRESSIVE;
				GCC_WARN_UNUSED_FUNCTION = YES;
				GCC_WARN_UNUSED_VARIABLE = YES;
				IPHONEOS_DEPLOYMENT_TARGET = 17.4;
				LOCALIZATION_PREFERS_STRING_CATALOGS = YES;
				MTL_ENABLE_DEBUG_INFO = INCLUDE_SOURCE;
				MTL_FAST_MATH = YES;
				ONLY_ACTIVE_ARCH = YES;
				SDKROOT = iphoneos;
				SWIFT_ACTIVE_COMPILATION_CONDITIONS = "DEBUG $(inherited)";
				SWIFT_OPTIMIZATION_LEVEL = "-Onone";
			};
			name = Debug;
		};
		258F91942BC743DB00EC0E78 /* Release */ = {
			isa = XCBuildConfiguration;
			buildSettings = {
				ALWAYS_SEARCH_USER_PATHS = NO;
				ASSETCATALOG_COMPILER_GENERATE_SWIFT_ASSET_SYMBOL_EXTENSIONS = YES;
				CLANG_ANALYZER_NONNULL = YES;
				CLANG_ANALYZER_NUMBER_OBJECT_CONVERSION = YES_AGGRESSIVE;
				CLANG_CXX_LANGUAGE_STANDARD = "gnu++20";
				CLANG_ENABLE_MODULES = YES;
				CLANG_ENABLE_OBJC_ARC = YES;
				CLANG_ENABLE_OBJC_WEAK = YES;
				CLANG_WARN_BLOCK_CAPTURE_AUTORELEASING = YES;
				CLANG_WARN_BOOL_CONVERSION = YES;
				CLANG_WARN_COMMA = YES;
				CLANG_WARN_CONSTANT_CONVERSION = YES;
				CLANG_WARN_DEPRECATED_OBJC_IMPLEMENTATIONS = YES;
				CLANG_WARN_DIRECT_OBJC_ISA_USAGE = YES_ERROR;
				CLANG_WARN_DOCUMENTATION_COMMENTS = YES;
				CLANG_WARN_EMPTY_BODY = YES;
				CLANG_WARN_ENUM_CONVERSION = YES;
				CLANG_WARN_INFINITE_RECURSION = YES;
				CLANG_WARN_INT_CONVERSION = YES;
				CLANG_WARN_NON_LITERAL_NULL_CONVERSION = YES;
				CLANG_WARN_OBJC_IMPLICIT_RETAIN_SELF = YES;
				CLANG_WARN_OBJC_LITERAL_CONVERSION = YES;
				CLANG_WARN_OBJC_ROOT_CLASS = YES_ERROR;
				CLANG_WARN_QUOTED_INCLUDE_IN_FRAMEWORK_HEADER = YES;
				CLANG_WARN_RANGE_LOOP_ANALYSIS = YES;
				CLANG_WARN_STRICT_PROTOTYPES = YES;
				CLANG_WARN_SUSPICIOUS_MOVE = YES;
				CLANG_WARN_UNGUARDED_AVAILABILITY = YES_AGGRESSIVE;
				CLANG_WARN_UNREACHABLE_CODE = YES;
				CLANG_WARN__DUPLICATE_METHOD_MATCH = YES;
				COPY_PHASE_STRIP = NO;
				DEBUG_INFORMATION_FORMAT = "dwarf-with-dsym";
				ENABLE_NS_ASSERTIONS = NO;
				ENABLE_STRICT_OBJC_MSGSEND = YES;
				ENABLE_USER_SCRIPT_SANDBOXING = YES;
				GCC_C_LANGUAGE_STANDARD = gnu17;
				GCC_NO_COMMON_BLOCKS = YES;
				GCC_WARN_64_TO_32_BIT_CONVERSION = YES;
				GCC_WARN_ABOUT_RETURN_TYPE = YES_ERROR;
				GCC_WARN_UNDECLARED_SELECTOR = YES;
				GCC_WARN_UNINITIALIZED_AUTOS = YES_AGGRESSIVE;
				GCC_WARN_UNUSED_FUNCTION = YES;
				GCC_WARN_UNUSED_VARIABLE = YES;
				IPHONEOS_DEPLOYMENT_TARGET = 17.4;
				LOCALIZATION_PREFERS_STRING_CATALOGS = YES;
				MTL_ENABLE_DEBUG_INFO = NO;
				MTL_FAST_MATH = YES;
				SDKROOT = iphoneos;
				SWIFT_COMPILATION_MODE = wholemodule;
				VALIDATE_PRODUCT = YES;
			};
			name = Release;
		};
		258F91962BC743DB00EC0E78 /* Debug */ = {
			isa = XCBuildConfiguration;
			buildSettings = {
				ASSETCATALOG_COMPILER_APPICON_NAME = AppIcon;
				ASSETCATALOG_COMPILER_GLOBAL_ACCENT_COLOR_NAME = AccentColor;
				CODE_SIGN_STYLE = Automatic;
				CURRENT_PROJECT_VERSION = 1;
				DEVELOPMENT_ASSET_PATHS = "\"Instagram/Preview Content\"";
				DEVELOPMENT_TEAM = 7G3QG45H4M;
				ENABLE_PREVIEWS = YES;
				GENERATE_INFOPLIST_FILE = YES;
				INFOPLIST_KEY_UIApplicationSceneManifest_Generation = YES;
				INFOPLIST_KEY_UIApplicationSupportsIndirectInputEvents = YES;
				INFOPLIST_KEY_UILaunchScreen_Generation = YES;
				INFOPLIST_KEY_UISupportedInterfaceOrientations_iPad = "UIInterfaceOrientationPortrait UIInterfaceOrientationPortraitUpsideDown UIInterfaceOrientationLandscapeLeft UIInterfaceOrientationLandscapeRight";
				INFOPLIST_KEY_UISupportedInterfaceOrientations_iPhone = "UIInterfaceOrientationPortrait UIInterfaceOrientationLandscapeLeft UIInterfaceOrientationLandscapeRight";
				LD_RUNPATH_SEARCH_PATHS = (
					"$(inherited)",
					"@executable_path/Frameworks",
				);
				MARKETING_VERSION = 1.0;
				PRODUCT_BUNDLE_IDENTIFIER = examples.Instagram;
				PRODUCT_NAME = "$(TARGET_NAME)";
				SWIFT_EMIT_LOC_STRINGS = YES;
				SWIFT_VERSION = 5.0;
				TARGETED_DEVICE_FAMILY = "1,2";
			};
			name = Debug;
		};
		258F91972BC743DB00EC0E78 /* Release */ = {
			isa = XCBuildConfiguration;
			buildSettings = {
				ASSETCATALOG_COMPILER_APPICON_NAME = AppIcon;
				ASSETCATALOG_COMPILER_GLOBAL_ACCENT_COLOR_NAME = AccentColor;
				CODE_SIGN_STYLE = Automatic;
				CURRENT_PROJECT_VERSION = 1;
				DEVELOPMENT_ASSET_PATHS = "\"Instagram/Preview Content\"";
				DEVELOPMENT_TEAM = 7G3QG45H4M;
				ENABLE_PREVIEWS = YES;
				GENERATE_INFOPLIST_FILE = YES;
				INFOPLIST_KEY_UIApplicationSceneManifest_Generation = YES;
				INFOPLIST_KEY_UIApplicationSupportsIndirectInputEvents = YES;
				INFOPLIST_KEY_UILaunchScreen_Generation = YES;
				INFOPLIST_KEY_UISupportedInterfaceOrientations_iPad = "UIInterfaceOrientationPortrait UIInterfaceOrientationPortraitUpsideDown UIInterfaceOrientationLandscapeLeft UIInterfaceOrientationLandscapeRight";
				INFOPLIST_KEY_UISupportedInterfaceOrientations_iPhone = "UIInterfaceOrientationPortrait UIInterfaceOrientationLandscapeLeft UIInterfaceOrientationLandscapeRight";
				LD_RUNPATH_SEARCH_PATHS = (
					"$(inherited)",
					"@executable_path/Frameworks",
				);
				MARKETING_VERSION = 1.0;
				PRODUCT_BUNDLE_IDENTIFIER = examples.Instagram;
				PRODUCT_NAME = "$(TARGET_NAME)";
				SWIFT_EMIT_LOC_STRINGS = YES;
				SWIFT_VERSION = 5.0;
				TARGETED_DEVICE_FAMILY = "1,2";
			};
			name = Release;
		};
/* End XCBuildConfiguration section */

/* Begin XCConfigurationList section */
		258F91822BC743D900EC0E78 /* Build configuration list for PBXProject "Instagram" */ = {
			isa = XCConfigurationList;
			buildConfigurations = (
				258F91932BC743DB00EC0E78 /* Debug */,
				258F91942BC743DB00EC0E78 /* Release */,
			);
			defaultConfigurationIsVisible = 0;
			defaultConfigurationName = Release;
		};
		258F91952BC743DB00EC0E78 /* Build configuration list for PBXNativeTarget "Instagram" */ = {
			isa = XCConfigurationList;
			buildConfigurations = (
				258F91962BC743DB00EC0E78 /* Debug */,
				258F91972BC743DB00EC0E78 /* Release */,
			);
			defaultConfigurationIsVisible = 0;
			defaultConfigurationName = Release;
		};
/* End XCConfigurationList section */

/* Begin XCRemoteSwiftPackageReference section */
		258F91D12BC7606D00EC0E78 /* XCRemoteSwiftPackageReference "firebase-ios-sdk" */ = {
			isa = XCRemoteSwiftPackageReference;
			repositoryURL = "https://github.com/firebase/firebase-ios-sdk";
			requirement = {
				kind = upToNextMajorVersion;
				minimumVersion = 10.24.0;
			};
		};
/* End XCRemoteSwiftPackageReference section */

/* Begin XCSwiftPackageProductDependency section */
		258F91D22BC7606E00EC0E78 /* FirebaseAuth */ = {
			isa = XCSwiftPackageProductDependency;
			package = 258F91D12BC7606D00EC0E78 /* XCRemoteSwiftPackageReference "firebase-ios-sdk" */;
			productName = FirebaseAuth;
		};
		258F91D42BC7606E00EC0E78 /* FirebaseDatabase */ = {
			isa = XCSwiftPackageProductDependency;
			package = 258F91D12BC7606D00EC0E78 /* XCRemoteSwiftPackageReference "firebase-ios-sdk" */;
			productName = FirebaseDatabase;
		};
		258F91D62BC7606E00EC0E78 /* FirebaseFirestore */ = {
			isa = XCSwiftPackageProductDependency;
			package = 258F91D12BC7606D00EC0E78 /* XCRemoteSwiftPackageReference "firebase-ios-sdk" */;
			productName = FirebaseFirestore;
		};
		258F91D82BC7606E00EC0E78 /* FirebaseFirestoreSwift */ = {
			isa = XCSwiftPackageProductDependency;
			package = 258F91D12BC7606D00EC0E78 /* XCRemoteSwiftPackageReference "firebase-ios-sdk" */;
			productName = FirebaseFirestoreSwift;
		};
		258F91DA2BC7606E00EC0E78 /* FirebaseStorage */ = {
			isa = XCSwiftPackageProductDependency;
			package = 258F91D12BC7606D00EC0E78 /* XCRemoteSwiftPackageReference "firebase-ios-sdk" */;
			productName = FirebaseStorage;
		};
/* End XCSwiftPackageProductDependency section */
	};
	rootObject = 258F917F2BC743D900EC0E78 /* Project object */;
}
